// !$*UTF8*$!
{
	archiveVersion = 1;
	classes = {
	};
	objectVersion = 50;
	objects = {

/* Begin PBXBuildFile section */
		A2297BA420ECA8BC00D76406 /* AppDelegate.swift in Sources */ = {isa = PBXBuildFile; fileRef = A2297BA320ECA8BC00D76406 /* AppDelegate.swift */; };
		A2297BA620ECA8BC00D76406 /* ViewController.swift in Sources */ = {isa = PBXBuildFile; fileRef = A2297BA520ECA8BC00D76406 /* ViewController.swift */; };
		A2297BA920ECA8BC00D76406 /* Main.storyboard in Resources */ = {isa = PBXBuildFile; fileRef = A2297BA720ECA8BC00D76406 /* Main.storyboard */; };
		A2297BAB20ECA8BF00D76406 /* Assets.xcassets in Resources */ = {isa = PBXBuildFile; fileRef = A2297BAA20ECA8BF00D76406 /* Assets.xcassets */; };
		A2297BAE20ECA8BF00D76406 /* LaunchScreen.storyboard in Resources */ = {isa = PBXBuildFile; fileRef = A2297BAC20ECA8BF00D76406 /* LaunchScreen.storyboard */; };
		A2297BBF20ECBA7F00D76406 /* APIBase.swift in Sources */ = {isa = PBXBuildFile; fileRef = A2297BBD20ECBA7F00D76406 /* APIBase.swift */; };
		A2297BC020ECBA7F00D76406 /* APISignIn.swift in Sources */ = {isa = PBXBuildFile; fileRef = A2297BBE20ECBA7F00D76406 /* APISignIn.swift */; };
/* End PBXBuildFile section */

/* Begin PBXFileReference section */
		A2297BA020ECA8BC00D76406 /* ConnectionDemo.app */ = {isa = PBXFileReference; explicitFileType = wrapper.application; includeInIndex = 0; path = ConnectionDemo.app; sourceTree = BUILT_PRODUCTS_DIR; };
		A2297BA320ECA8BC00D76406 /* AppDelegate.swift */ = {isa = PBXFileReference; lastKnownFileType = sourcecode.swift; path = AppDelegate.swift; sourceTree = "<group>"; };
		A2297BA520ECA8BC00D76406 /* ViewController.swift */ = {isa = PBXFileReference; lastKnownFileType = sourcecode.swift; path = ViewController.swift; sourceTree = "<group>"; };
		A2297BA820ECA8BC00D76406 /* Base */ = {isa = PBXFileReference; lastKnownFileType = file.storyboard; name = Base; path = Base.lproj/Main.storyboard; sourceTree = "<group>"; };
		A2297BAA20ECA8BF00D76406 /* Assets.xcassets */ = {isa = PBXFileReference; lastKnownFileType = folder.assetcatalog; path = Assets.xcassets; sourceTree = "<group>"; };
		A2297BAD20ECA8BF00D76406 /* Base */ = {isa = PBXFileReference; lastKnownFileType = file.storyboard; name = Base; path = Base.lproj/LaunchScreen.storyboard; sourceTree = "<group>"; };
		A2297BAF20ECA8BF00D76406 /* Info.plist */ = {isa = PBXFileReference; lastKnownFileType = text.plist.xml; path = Info.plist; sourceTree = "<group>"; };
		A2297BBD20ECBA7F00D76406 /* APIBase.swift */ = {isa = PBXFileReference; fileEncoding = 4; lastKnownFileType = sourcecode.swift; path = APIBase.swift; sourceTree = "<group>"; };
		A2297BBE20ECBA7F00D76406 /* APISignIn.swift */ = {isa = PBXFileReference; fileEncoding = 4; lastKnownFileType = sourcecode.swift; path = APISignIn.swift; sourceTree = "<group>"; };
/* End PBXFileReference section */

/* Begin PBXFrameworksBuildPhase section */
		A2297B9D20ECA8BC00D76406 /* Frameworks */ = {
			isa = PBXFrameworksBuildPhase;
			buildActionMask = 2147483647;
			files = (
			);
			runOnlyForDeploymentPostprocessing = 0;
		};
/* End PBXFrameworksBuildPhase section */

/* Begin PBXGroup section */
		A2297B9720ECA8BC00D76406 = {
			isa = PBXGroup;
			children = (
				A2297BA220ECA8BC00D76406 /* ConnectionDemo */,
				A2297BA120ECA8BC00D76406 /* Products */,
			);
			sourceTree = "<group>";
		};
		A2297BA120ECA8BC00D76406 /* Products */ = {
			isa = PBXGroup;
			children = (
				A2297BA020ECA8BC00D76406 /* ConnectionDemo.app */,
			);
			name = Products;
			sourceTree = "<group>";
		};
		A2297BA220ECA8BC00D76406 /* ConnectionDemo */ = {
			isa = PBXGroup;
			children = (
				A2297BA320ECA8BC00D76406 /* AppDelegate.swift */,
				A2297BA520ECA8BC00D76406 /* ViewController.swift */,
				A2297BBD20ECBA7F00D76406 /* APIBase.swift */,
				A2297BBE20ECBA7F00D76406 /* APISignIn.swift */,
				A2297BA720ECA8BC00D76406 /* Main.storyboard */,
				A2297BAA20ECA8BF00D76406 /* Assets.xcassets */,
				A2297BAC20ECA8BF00D76406 /* LaunchScreen.storyboard */,
				A2297BAF20ECA8BF00D76406 /* Info.plist */,
			);
			path = ConnectionDemo;
			sourceTree = "<group>";
		};
/* End PBXGroup section */

/* Begin PBXNativeTarget section */
		A2297B9F20ECA8BC00D76406 /* ConnectionDemo */ = {
			isa = PBXNativeTarget;
			buildConfigurationList = A2297BB220ECA8BF00D76406 /* Build configuration list for PBXNativeTarget "ConnectionDemo" */;
			buildPhases = (
				A2297B9C20ECA8BC00D76406 /* Sources */,
				A2297B9D20ECA8BC00D76406 /* Frameworks */,
				A2297B9E20ECA8BC00D76406 /* Resources */,
			);
			buildRules = (
			);
			dependencies = (
			);
			name = ConnectionDemo;
			productName = ConnectionDemo;
			productReference = A2297BA020ECA8BC00D76406 /* ConnectionDemo.app */;
			productType = "com.apple.product-type.application";
		};
/* End PBXNativeTarget section */

/* Begin PBXProject section */
		A2297B9820ECA8BC00D76406 /* Project object */ = {
			isa = PBXProject;
			attributes = {
				LastSwiftUpdateCheck = 0930;
				LastUpgradeCheck = 0930;
				ORGANIZATIONNAME = "Aleksei Boiko";
				TargetAttributes = {
					A2297B9F20ECA8BC00D76406 = {
						CreatedOnToolsVersion = 9.3;
					};
				};
			};
			buildConfigurationList = A2297B9B20ECA8BC00D76406 /* Build configuration list for PBXProject "ConnectionDemo" */;
			compatibilityVersion = "Xcode 9.3";
			developmentRegion = en;
			hasScannedForEncodings = 0;
			knownRegions = (
				en,
				Base,
			);
			mainGroup = A2297B9720ECA8BC00D76406;
			productRefGroup = A2297BA120ECA8BC00D76406 /* Products */;
			projectDirPath = "";
			projectRoot = "";
			targets = (
				A2297B9F20ECA8BC00D76406 /* ConnectionDemo */,
			);
		};
/* End PBXProject section */

/* Begin PBXResourcesBuildPhase section */
		A2297B9E20ECA8BC00D76406 /* Resources */ = {
			isa = PBXResourcesBuildPhase;
			buildActionMask = 2147483647;
			files = (
				A2297BAE20ECA8BF00D76406 /* LaunchScreen.storyboard in Resources */,
				A2297BAB20ECA8BF00D76406 /* Assets.xcassets in Resources */,
				A2297BA920ECA8BC00D76406 /* Main.storyboard in Resources */,
			);
			runOnlyForDeploymentPostprocessing = 0;
		};
/* End PBXResourcesBuildPhase section */

/* Begin PBXSourcesBuildPhase section */
		A2297B9C20ECA8BC00D76406 /* Sources */ = {
			isa = PBXSourcesBuildPhase;
			buildActionMask = 2147483647;
			files = (
				A2297BC020ECBA7F00D76406 /* APISignIn.swift in Sources */,
				A2297BA620ECA8BC00D76406 /* ViewController.swift in Sources */,
				A2297BA420ECA8BC00D76406 /* AppDelegate.swift in Sources */,
				A2297BBF20ECBA7F00D76406 /* APIBase.swift in Sources */,
			);
			runOnlyForDeploymentPostprocessing = 0;
		};
/* End PBXSourcesBuildPhase section */

/* Begin PBXVariantGroup section */
		A2297BA720ECA8BC00D76406 /* Main.storyboard */ = {
			isa = PBXVariantGroup;
			children = (
				A2297BA820ECA8BC00D76406 /* Base */,
			);
			name = Main.storyboard;
			sourceTree = "<group>";
		};
		A2297BAC20ECA8BF00D76406 /* LaunchScreen.storyboard */ = {
			isa = PBXVariantGroup;
			children = (
				A2297BAD20ECA8BF00D76406 /* Base */,
			);
			name = LaunchScreen.storyboard;
			sourceTree = "<group>";
		};
/* End PBXVariantGroup section */

/* Begin XCBuildConfiguration section */
		A2297BB020ECA8BF00D76406 /* Debug */ = {
			isa = XCBuildConfiguration;
			buildSettings = {
				ALWAYS_SEARCH_USER_PATHS = NO;
				CLANG_ANALYZER_NONNULL = YES;
				CLANG_ANALYZER_NUMBER_OBJECT_CONVERSION = YES_AGGRESSIVE;
				CLANG_CXX_LANGUAGE_STANDARD = "gnu++14";
				CLANG_CXX_LIBRARY = "libc++";
				CLANG_ENABLE_MODULES = YES;
				CLANG_ENABLE_OBJC_ARC = YES;
				CLANG_ENABLE_OBJC_WEAK = YES;
				CLANG_WARN_BLOCK_CAPTURE_AUTORELEASING = YES;
				CLANG_WARN_BOOL_CONVERSION = YES;
				CLANG_WARN_COMMA = YES;
				CLANG_WARN_CONSTANT_CONVERSION = YES;
				CLANG_WARN_DEPRECATED_OBJC_IMPLEMENTATIONS = YES;
				CLANG_WARN_DIRECT_OBJC_ISA_USAGE = YES_ERROR;
				CLANG_WARN_DOCUMENTATION_COMMENTS = YES;
				CLANG_WARN_EMPTY_BODY = YES;
				CLANG_WARN_ENUM_CONVERSION = YES;
				CLANG_WARN_INFINITE_RECURSION = YES;
				CLANG_WARN_INT_CONVERSION = YES;
				CLANG_WARN_NON_LITERAL_NULL_CONVERSION = YES;
				CLANG_WARN_OBJC_IMPLICIT_RETAIN_SELF = YES;
				CLANG_WARN_OBJC_LITERAL_CONVERSION = YES;
				CLANG_WARN_OBJC_ROOT_CLASS = YES_ERROR;
				CLANG_WARN_RANGE_LOOP_ANALYSIS = YES;
				CLANG_WARN_STRICT_PROTOTYPES = YES;
				CLANG_WARN_SUSPICIOUS_MOVE = YES;
				CLANG_WARN_UNGUARDED_AVAILABILITY = YES_AGGRESSIVE;
				CLANG_WARN_UNREACHABLE_CODE = YES;
				CLANG_WARN__DUPLICATE_METHOD_MATCH = YES;
				CODE_SIGN_IDENTITY = "iPhone Developer";
				COPY_PHASE_STRIP = NO;
				DEBUG_INFORMATION_FORMAT = dwarf;
				ENABLE_STRICT_OBJC_MSGSEND = YES;
				ENABLE_TESTABILITY = YES;
				GCC_C_LANGUAGE_STANDARD = gnu11;
				GCC_DYNAMIC_NO_PIC = NO;
				GCC_NO_COMMON_BLOCKS = YES;
				GCC_OPTIMIZATION_LEVEL = 0;
				GCC_PREPROCESSOR_DEFINITIONS = (
					"DEBUG=1",
					"$(inherited)",
				);
				GCC_WARN_64_TO_32_BIT_CONVERSION = YES;
				GCC_WARN_ABOUT_RETURN_TYPE = YES_ERROR;
				GCC_WARN_UNDECLARED_SELECTOR = YES;
				GCC_WARN_UNINITIALIZED_AUTOS = YES_AGGRESSIVE;
				GCC_WARN_UNUSED_FUNCTION = YES;
				GCC_WARN_UNUSED_VARIABLE = YES;
				IPHONEOS_DEPLOYMENT_TARGET = 11.3;
				MTL_ENABLE_DEBUG_INFO = YES;
				ONLY_ACTIVE_ARCH = YES;
				SDKROOT = iphoneos;
				SWIFT_ACTIVE_COMPILATION_CONDITIONS = DEBUG;
				SWIFT_OPTIMIZATION_LEVEL = "-Onone";
			};
			name = Debug;
		};
		A2297BB120ECA8BF00D76406 /* Release */ = {
			isa = XCBuildConfiguration;
			buildSettings = {
				ALWAYS_SEARCH_USER_PATHS = NO;
				CLANG_ANALYZER_NONNULL = YES;
				CLANG_ANALYZER_NUMBER_OBJECT_CONVERSION = YES_AGGRESSIVE;
				CLANG_CXX_LANGUAGE_STANDARD = "gnu++14";
				CLANG_CXX_LIBRARY = "libc++";
				CLANG_ENABLE_MODULES = YES;
				CLANG_ENABLE_OBJC_ARC = YES;
				CLANG_ENABLE_OBJC_WEAK = YES;
				CLANG_WARN_BLOCK_CAPTURE_AUTORELEASING = YES;
				CLANG_WARN_BOOL_CONVERSION = YES;
				CLANG_WARN_COMMA = YES;
				CLANG_WARN_CONSTANT_CONVERSION = YES;
				CLANG_WARN_DEPRECATED_OBJC_IMPLEMENTATIONS = YES;
				CLANG_WARN_DIRECT_OBJC_ISA_USAGE = YES_ERROR;
				CLANG_WARN_DOCUMENTATION_COMMENTS = YES;
				CLANG_WARN_EMPTY_BODY = YES;
				CLANG_WARN_ENUM_CONVERSION = YES;
				CLANG_WARN_INFINITE_RECURSION = YES;
				CLANG_WARN_INT_CONVERSION = YES;
				CLANG_WARN_NON_LITERAL_NULL_CONVERSION = YES;
				CLANG_WARN_OBJC_IMPLICIT_RETAIN_SELF = YES;
				CLANG_WARN_OBJC_LITERAL_CONVERSION = YES;
				CLANG_WARN_OBJC_ROOT_CLASS = YES_ERROR;
				CLANG_WARN_RANGE_LOOP_ANALYSIS = YES;
				CLANG_WARN_STRICT_PROTOTYPES = YES;
				CLANG_WARN_SUSPICIOUS_MOVE = YES;
				CLANG_WARN_UNGUARDED_AVAILABILITY = YES_AGGRESSIVE;
				CLANG_WARN_UNREACHABLE_CODE = YES;
				CLANG_WARN__DUPLICATE_METHOD_MATCH = YES;
				CODE_SIGN_IDENTITY = "iPhone Developer";
				COPY_PHASE_STRIP = NO;
				DEBUG_INFORMATION_FORMAT = "dwarf-with-dsym";
				ENABLE_NS_ASSERTIONS = NO;
				ENABLE_STRICT_OBJC_MSGSEND = YES;
				GCC_C_LANGUAGE_STANDARD = gnu11;
				GCC_NO_COMMON_BLOCKS = YES;
				GCC_WARN_64_TO_32_BIT_CONVERSION = YES;
				GCC_WARN_ABOUT_RETURN_TYPE = YES_ERROR;
				GCC_WARN_UNDECLARED_SELECTOR = YES;
				GCC_WARN_UNINITIALIZED_AUTOS = YES_AGGRESSIVE;
				GCC_WARN_UNUSED_FUNCTION = YES;
				GCC_WARN_UNUSED_VARIABLE = YES;
				IPHONEOS_DEPLOYMENT_TARGET = 11.3;
				MTL_ENABLE_DEBUG_INFO = NO;
				SDKROOT = iphoneos;
				SWIFT_COMPILATION_MODE = wholemodule;
				SWIFT_OPTIMIZATION_LEVEL = "-O";
				VALIDATE_PRODUCT = YES;
			};
			name = Release;
		};
		A2297BB320ECA8BF00D76406 /* Debug */ = {
			isa = XCBuildConfiguration;
			buildSettings = {
				ASSETCATALOG_COMPILER_APPICON_NAME = AppIcon;
				CODE_SIGN_STYLE = Automatic;
				DEVELOPMENT_TEAM = "";
				INFOPLIST_FILE = ConnectionDemo/Info.plist;
				LD_RUNPATH_SEARCH_PATHS = (
					"$(inherited)",
					"@executable_path/Frameworks",
				);
				PRODUCT_BUNDLE_IDENTIFIER = com.aboiko.ConnectionDemo;
				PRODUCT_NAME = "$(TARGET_NAME)";
				SWIFT_VERSION = 4.0;
				TARGETED_DEVICE_FAMILY = "1,2";
			};
			name = Debug;
		};
		A2297BB420ECA8BF00D76406 /* Release */ = {
			isa = XCBuildConfiguration;
			buildSettings = {
				ASSETCATALOG_COMPILER_APPICON_NAME = AppIcon;
				CODE_SIGN_STYLE = Automatic;
				DEVELOPMENT_TEAM = "";
				INFOPLIST_FILE = ConnectionDemo/Info.plist;
				LD_RUNPATH_SEARCH_PATHS = (
					"$(inherited)",
					"@executable_path/Frameworks",
				);
				PRODUCT_BUNDLE_IDENTIFIER = com.aboiko.ConnectionDemo;
				PRODUCT_NAME = "$(TARGET_NAME)";
				SWIFT_VERSION = 4.0;
				TARGETED_DEVICE_FAMILY = "1,2";
			};
			name = Release;
		};
/* End XCBuildConfiguration section */

/* Begin XCConfigurationList section */
		A2297B9B20ECA8BC00D76406 /* Build configuration list for PBXProject "ConnectionDemo" */ = {
			isa = XCConfigurationList;
			buildConfigurations = (
				A2297BB020ECA8BF00D76406 /* Debug */,
				A2297BB120ECA8BF00D76406 /* Release */,
			);
			defaultConfigurationIsVisible = 0;
			defaultConfigurationName = Release;
		};
		A2297BB220ECA8BF00D76406 /* Build configuration list for PBXNativeTarget "ConnectionDemo" */ = {
			isa = XCConfigurationList;
			buildConfigurations = (
				A2297BB320ECA8BF00D76406 /* Debug */,
				A2297BB420ECA8BF00D76406 /* Release */,
			);
			defaultConfigurationIsVisible = 0;
			defaultConfigurationName = Release;
		};
/* End XCConfigurationList section */
	};
	rootObject = A2297B9820ECA8BC00D76406 /* Project object */;
}
